
Microsoft Visual Studio Solution File, Format Version 12.00
# Visual Studio Version 16
VisualStudioVersion = 16.0.31624.102
MinimumVisualStudioVersion = 10.0.40219.1
Project("{9A19103F-16F7-4668-BE54-9A1E7A4F7556}") = "Assignment", "Assignment\Assignment.csproj", "{1320632C-90DB-468B-A655-FE2194557406}"
EndProject
Project("{2150E333-8FDC-42A3-9474-1A3956D46DE8}") = "Solution Items", "Solution Items", "{B01573B7-02D9-485B-A19A-572B1CF6D746}"
	ProjectSection(SolutionItems) = preProject
		.editorconfig = .editorconfig
	EndProjectSection
EndProject
Project("{FAE04EC0-301F-11D3-BF4B-00C04F79EFBC}") = "TestCalculator.Tests", "TestCalculator.Tests\TestCalculator.Tests.csproj", "{3B025D65-D506-49A4-B55B-84B3DDE07CAA}"
EndProject
Global
	GlobalSection(SolutionConfigurationPlatforms) = preSolution
		Debug|Any CPU = Debug|Any CPU
		Release|Any CPU = Release|Any CPU
	EndGlobalSection
	GlobalSection(ProjectConfigurationPlatforms) = postSolution
		{1320632C-90DB-468B-A655-FE2194557406}.Debug|Any CPU.ActiveCfg = Debug|Any CPU
		{1320632C-90DB-468B-A655-FE2194557406}.Debug|Any CPU.Build.0 = Debug|Any CPU
		{1320632C-90DB-468B-A655-FE2194557406}.Release|Any CPU.ActiveCfg = Release|Any CPU
		{1320632C-90DB-468B-A655-FE2194557406}.Release|Any CPU.Build.0 = Release|Any CPU
		{3B025D65-D506-49A4-B55B-84B3DDE07CAA}.Debug|Any CPU.ActiveCfg = Debug|Any CPU
		{3B025D65-D506-49A4-B55B-84B3DDE07CAA}.Debug|Any CPU.Build.0 = Debug|Any CPU
		{3B025D65-D506-49A4-B55B-84B3DDE07CAA}.Release|Any CPU.ActiveCfg = Release|Any CPU
		{3B025D65-D506-49A4-B55B-84B3DDE07CAA}.Release|Any CPU.Build.0 = Release|Any CPU
	EndGlobalSection
	GlobalSection(SolutionProperties) = preSolution
		HideSolutionNode = FALSE
	EndGlobalSection
	GlobalSection(ExtensibilityGlobals) = postSolution
		SolutionGuid = {44852157-711B-4EC1-858D-00527440A52F}
	EndGlobalSection
EndGlobal
